
Microsoft Visual Studio Solution File, Format Version 12.00
# Visual Studio Version 17
VisualStudioVersion = 17.1.32210.238
MinimumVisualStudioVersion = 10.0.40219.1
Project("{FAE04EC0-301F-11D3-BF4B-00C04F79EFBC}") = "批量重命名文件文件夹", "WpfApp2\批量重命名文件文件夹.csproj", "{EC733D43-4A08-46D0-970C-C788F454EC7A}"
EndProject
Project("{8BC9CEB8-8B4A-11D0-8D11-00A0C91BC942}") = "Project1", "Project1\Project1.vcxproj", "{29BE1C5A-37FC-4228-ABB1-944EAEBB9DE9}"
EndProject
Project("{FAE04EC0-301F-11D3-BF4B-00C04F79EFBC}") = "TCP服务", "TCP服务\TCP服务.csproj", "{539E9834-7302-4F3F-BDB2-08ED5DE5582B}"
EndProject
Project("{FAE04EC0-301F-11D3-BF4B-00C04F79EFBC}") = "物联网服务器", "websocket\物联网服务器.csproj", "{BACD8873-DBD4-44F6-BADB-33A161DE744E}"
EndProject
Project("{FAE04EC0-301F-11D3-BF4B-00C04F79EFBC}") = "ConsoleApp1", "ConsoleApp1\ConsoleApp1.csproj", "{A294EE70-0351-430A-B992-F77E27834406}"
EndProject
Global
	GlobalSection(SolutionConfigurationPlatforms) = preSolution
		Debug|Any CPU = Debug|Any CPU
		Debug|ARM = Debug|ARM
		Debug|ARM64 = Debug|ARM64
		Debug|x64 = Debug|x64
		Debug|x86 = Debug|x86
		Release|Any CPU = Release|Any CPU
		Release|ARM = Release|ARM
		Release|ARM64 = Release|ARM64
		Release|x64 = Release|x64
		Release|x86 = Release|x86
	EndGlobalSection
	GlobalSection(ProjectConfigurationPlatforms) = postSolution
		{EC733D43-4A08-46D0-970C-C788F454EC7A}.Debug|Any CPU.ActiveCfg = Debug|Any CPU
		{EC733D43-4A08-46D0-970C-C788F454EC7A}.Debug|Any CPU.Build.0 = Debug|Any CPU
		{EC733D43-4A08-46D0-970C-C788F454EC7A}.Debug|ARM.ActiveCfg = Debug|Any CPU
		{EC733D43-4A08-46D0-970C-C788F454EC7A}.Debug|ARM.Build.0 = Debug|Any CPU
		{EC733D43-4A08-46D0-970C-C788F454EC7A}.Debug|ARM64.ActiveCfg = Debug|Any CPU
		{EC733D43-4A08-46D0-970C-C788F454EC7A}.Debug|ARM64.Build.0 = Debug|Any CPU
		{EC733D43-4A08-46D0-970C-C788F454EC7A}.Debug|x64.ActiveCfg = Debug|Any CPU
		{EC733D43-4A08-46D0-970C-C788F454EC7A}.Debug|x64.Build.0 = Debug|Any CPU
		{EC733D43-4A08-46D0-970C-C788F454EC7A}.Debug|x86.ActiveCfg = Debug|Any CPU
		{EC733D43-4A08-46D0-970C-C788F454EC7A}.Debug|x86.Build.0 = Debug|Any CPU
		{EC733D43-4A08-46D0-970C-C788F454EC7A}.Release|Any CPU.ActiveCfg = Release|Any CPU
		{EC733D43-4A08-46D0-970C-C788F454EC7A}.Release|Any CPU.Build.0 = Release|Any CPU
		{EC733D43-4A08-46D0-970C-C788F454EC7A}.Release|ARM.ActiveCfg = Release|Any CPU
		{EC733D43-4A08-46D0-970C-C788F454EC7A}.Release|ARM.Build.0 = Release|Any CPU
		{EC733D43-4A08-46D0-970C-C788F454EC7A}.Release|ARM64.ActiveCfg = Release|Any CPU
		{EC733D43-4A08-46D0-970C-C788F454EC7A}.Release|ARM64.Build.0 = Release|Any CPU
		{EC733D43-4A08-46D0-970C-C788F454EC7A}.Release|x64.ActiveCfg = Release|Any CPU
		{EC733D43-4A08-46D0-970C-C788F454EC7A}.Release|x64.Build.0 = Release|Any CPU
		{EC733D43-4A08-46D0-970C-C788F454EC7A}.Release|x86.ActiveCfg = Release|Any CPU
		{EC733D43-4A08-46D0-970C-C788F454EC7A}.Release|x86.Build.0 = Release|Any CPU
		{29BE1C5A-37FC-4228-ABB1-944EAEBB9DE9}.Debug|Any CPU.ActiveCfg = Debug|x64
		{29BE1C5A-37FC-4228-ABB1-944EAEBB9DE9}.Debug|Any CPU.Build.0 = Debug|x64
		{29BE1C5A-37FC-4228-ABB1-944EAEBB9DE9}.Debug|ARM.ActiveCfg = Debug|x64
		{29BE1C5A-37FC-4228-ABB1-944EAEBB9DE9}.Debug|ARM.Build.0 = Debug|x64
		{29BE1C5A-37FC-4228-ABB1-944EAEBB9DE9}.Debug|ARM64.ActiveCfg = Debug|x64
		{29BE1C5A-37FC-4228-ABB1-944EAEBB9DE9}.Debug|ARM64.Build.0 = Debug|x64
		{29BE1C5A-37FC-4228-ABB1-944EAEBB9DE9}.Debug|x64.ActiveCfg = Debug|x64
		{29BE1C5A-37FC-4228-ABB1-944EAEBB9DE9}.Debug|x64.Build.0 = Debug|x64
		{29BE1C5A-37FC-4228-ABB1-944EAEBB9DE9}.Debug|x86.ActiveCfg = Debug|Win32
		{29BE1C5A-37FC-4228-ABB1-944EAEBB9DE9}.Debug|x86.Build.0 = Debug|Win32
		{29BE1C5A-37FC-4228-ABB1-944EAEBB9DE9}.Release|Any CPU.ActiveCfg = Release|x64
		{29BE1C5A-37FC-4228-ABB1-944EAEBB9DE9}.Release|Any CPU.Build.0 = Release|x64
		{29BE1C5A-37FC-4228-ABB1-944EAEBB9DE9}.Release|ARM.ActiveCfg = Release|x64
		{29BE1C5A-37FC-4228-ABB1-944EAEBB9DE9}.Release|ARM.Build.0 = Release|x64
		{29BE1C5A-37FC-4228-ABB1-944EAEBB9DE9}.Release|ARM64.ActiveCfg = Release|x64
		{29BE1C5A-37FC-4228-ABB1-944EAEBB9DE9}.Release|ARM64.Build.0 = Release|x64
		{29BE1C5A-37FC-4228-ABB1-944EAEBB9DE9}.Release|x64.ActiveCfg = Release|x64
		{29BE1C5A-37FC-4228-ABB1-944EAEBB9DE9}.Release|x64.Build.0 = Release|x64
		{29BE1C5A-37FC-4228-ABB1-944EAEBB9DE9}.Release|x86.ActiveCfg = Release|Win32
		{29BE1C5A-37FC-4228-ABB1-944EAEBB9DE9}.Release|x86.Build.0 = Release|Win32
		{539E9834-7302-4F3F-BDB2-08ED5DE5582B}.Debug|Any CPU.ActiveCfg = Debug|Any CPU
		{539E9834-7302-4F3F-BDB2-08ED5DE5582B}.Debug|Any CPU.Build.0 = Debug|Any CPU
		{539E9834-7302-4F3F-BDB2-08ED5DE5582B}.Debug|ARM.ActiveCfg = Debug|Any CPU
		{539E9834-7302-4F3F-BDB2-08ED5DE5582B}.Debug|ARM.Build.0 = Debug|Any CPU
		{539E9834-7302-4F3F-BDB2-08ED5DE5582B}.Debug|ARM64.ActiveCfg = Debug|Any CPU
		{539E9834-7302-4F3F-BDB2-08ED5DE5582B}.Debug|ARM64.Build.0 = Debug|Any CPU
		{539E9834-7302-4F3F-BDB2-08ED5DE5582B}.Debug|x64.ActiveCfg = Debug|Any CPU
		{539E9834-7302-4F3F-BDB2-08ED5DE5582B}.Debug|x64.Build.0 = Debug|Any CPU
		{539E9834-7302-4F3F-BDB2-08ED5DE5582B}.Debug|x86.ActiveCfg = Debug|Any CPU
		{539E9834-7302-4F3F-BDB2-08ED5DE5582B}.Debug|x86.Build.0 = Debug|Any CPU
		{539E9834-7302-4F3F-BDB2-08ED5DE5582B}.Release|Any CPU.ActiveCfg = Release|Any CPU
		{539E9834-7302-4F3F-BDB2-08ED5DE5582B}.Release|Any CPU.Build.0 = Release|Any CPU
		{539E9834-7302-4F3F-BDB2-08ED5DE5582B}.Release|ARM.ActiveCfg = Release|Any CPU
		{539E9834-7302-4F3F-BDB2-08ED5DE5582B}.Release|ARM.Build.0 = Release|Any CPU
		{539E9834-7302-4F3F-BDB2-08ED5DE5582B}.Release|ARM64.ActiveCfg = Release|Any CPU
		{539E9834-7302-4F3F-BDB2-08ED5DE5582B}.Release|ARM64.Build.0 = Release|Any CPU
		{539E9834-7302-4F3F-BDB2-08ED5DE5582B}.Release|x64.ActiveCfg = Release|Any CPU
		{539E9834-7302-4F3F-BDB2-08ED5DE5582B}.Release|x64.Build.0 = Release|Any CPU
		{539E9834-7302-4F3F-BDB2-08ED5DE5582B}.Release|x86.ActiveCfg = Release|Any CPU
		{539E9834-7302-4F3F-BDB2-08ED5DE5582B}.Release|x86.Build.0 = Release|Any CPU
		{BACD8873-DBD4-44F6-BADB-33A161DE744E}.Debug|Any CPU.ActiveCfg = Debug|Any CPU
		{BACD8873-DBD4-44F6-BADB-33A161DE744E}.Debug|Any CPU.Build.0 = Debug|Any CPU
		{BACD8873-DBD4-44F6-BADB-33A161DE744E}.Debug|ARM.ActiveCfg = Debug|Any CPU
		{BACD8873-DBD4-44F6-BADB-33A161DE744E}.Debug|ARM.Build.0 = Debug|Any CPU
		{BACD8873-DBD4-44F6-BADB-33A161DE744E}.Debug|ARM64.ActiveCfg = Debug|Any CPU
		{BACD8873-DBD4-44F6-BADB-33A161DE744E}.Debug|ARM64.Build.0 = Debug|Any CPU
		{BACD8873-DBD4-44F6-BADB-33A161DE744E}.Debug|x64.ActiveCfg = Debug|Any CPU
		{BACD8873-DBD4-44F6-BADB-33A161DE744E}.Debug|x64.Build.0 = Debug|Any CPU
		{BACD8873-DBD4-44F6-BADB-33A161DE744E}.Debug|x86.ActiveCfg = Debug|Any CPU
		{BACD8873-DBD4-44F6-BADB-33A161DE744E}.Debug|x86.Build.0 = Debug|Any CPU
		{BACD8873-DBD4-44F6-BADB-33A161DE744E}.Release|Any CPU.ActiveCfg = Release|Any CPU
		{BACD8873-DBD4-44F6-BADB-33A161DE744E}.Release|Any CPU.Build.0 = Release|Any CPU
		{BACD8873-DBD4-44F6-BADB-33A161DE744E}.Release|ARM.ActiveCfg = Release|Any CPU
		{BACD8873-DBD4-44F6-BADB-33A161DE744E}.Release|ARM.Build.0 = Release|Any CPU
		{BACD8873-DBD4-44F6-BADB-33A161DE744E}.Release|ARM64.ActiveCfg = Release|Any CPU
		{BACD8873-DBD4-44F6-BADB-33A161DE744E}.Release|ARM64.Build.0 = Release|Any CPU
		{BACD8873-DBD4-44F6-BADB-33A161DE744E}.Release|x64.ActiveCfg = Release|Any CPU
		{BACD8873-DBD4-44F6-BADB-33A161DE744E}.Release|x64.Build.0 = Release|Any CPU
		{BACD8873-DBD4-44F6-BADB-33A161DE744E}.Release|x86.ActiveCfg = Release|Any CPU
		{BACD8873-DBD4-44F6-BADB-33A161DE744E}.Release|x86.Build.0 = Release|Any CPU
		{A294EE70-0351-430A-B992-F77E27834406}.Debug|Any CPU.ActiveCfg = Debug|Any CPU
		{A294EE70-0351-430A-B992-F77E27834406}.Debug|Any CPU.Build.0 = Debug|Any CPU
		{A294EE70-0351-430A-B992-F77E27834406}.Debug|ARM.ActiveCfg = Debug|Any CPU
		{A294EE70-0351-430A-B992-F77E27834406}.Debug|ARM.Build.0 = Debug|Any CPU
		{A294EE70-0351-430A-B992-F77E27834406}.Debug|ARM64.ActiveCfg = Debug|Any CPU
		{A294EE70-0351-430A-B992-F77E27834406}.Debug|ARM64.Build.0 = Debug|Any CPU
		{A294EE70-0351-430A-B992-F77E27834406}.Debug|x64.ActiveCfg = Debug|Any CPU
		{A294EE70-0351-430A-B992-F77E27834406}.Debug|x64.Build.0 = Debug|Any CPU
		{A294EE70-0351-430A-B992-F77E27834406}.Debug|x86.ActiveCfg = Debug|Any CPU
		{A294EE70-0351-430A-B992-F77E27834406}.Debug|x86.Build.0 = Debug|Any CPU
		{A294EE70-0351-430A-B992-F77E27834406}.Release|Any CPU.ActiveCfg = Release|Any CPU
		{A294EE70-0351-430A-B992-F77E27834406}.Release|Any CPU.Build.0 = Release|Any CPU
		{A294EE70-0351-430A-B992-F77E27834406}.Release|ARM.ActiveCfg = Release|Any CPU
		{A294EE70-0351-430A-B992-F77E27834406}.Release|ARM.Build.0 = Release|Any CPU
		{A294EE70-0351-430A-B992-F77E27834406}.Release|ARM64.ActiveCfg = Release|Any CPU
		{A294EE70-0351-430A-B992-F77E27834406}.Release|ARM64.Build.0 = Release|Any CPU
		{A294EE70-0351-430A-B992-F77E27834406}.Release|x64.ActiveCfg = Release|Any CPU
		{A294EE70-0351-430A-B992-F77E27834406}.Release|x64.Build.0 = Release|Any CPU
		{A294EE70-0351-430A-B992-F77E27834406}.Release|x86.ActiveCfg = Release|Any CPU
		{A294EE70-0351-430A-B992-F77E27834406}.Release|x86.Build.0 = Release|Any CPU
	EndGlobalSection
	GlobalSection(SolutionProperties) = preSolution
		HideSolutionNode = FALSE
	EndGlobalSection
	GlobalSection(ExtensibilityGlobals) = postSolution
		SolutionGuid = {E40FAD9C-C8EE-453D-A1FD-7396F9DD3E73}
	EndGlobalSection
EndGlobal
